// !$*UTF8*$!
{
	archiveVersion = 1;
	classes = {
	};
	objectVersion = 77;
	objects = {

/* Begin PBXBuildFile section */
		023A4C0A7FAA3F7894001104 /* Assets.xcassets in Resources */ = {isa = PBXBuildFile; fileRef = 364128AB03054E09B6897A8F /* Assets.xcassets */; };
		08BDD6810B6AD221D96E9E0D /* RoundMapView.swift in Sources */ = {isa = PBXBuildFile; fileRef = AD881E8D654A6A4DBEC314DB /* RoundMapView.swift */; };
		13924A1968F4E9130B5007C3 /* HoleAdvancer.swift in Sources */ = {isa = PBXBuildFile; fileRef = B279E140F6499DEA099D9634 /* HoleAdvancer.swift */; };
		1D3784E4D8AE664877A8A6A6 /* DistanceCalculatorTests.swift in Sources */ = {isa = PBXBuildFile; fileRef = A3F18E36C3FB3746F7B72637 /* DistanceCalculatorTests.swift */; };
		1EFA9A758F177F60D3A4D33B /* HoleAdvancerTests.swift in Sources */ = {isa = PBXBuildFile; fileRef = AEB1C8B2A29A2D08E2DF20FD /* HoleAdvancerTests.swift */; };
		26F86C3E9196432B8F982C6B /* Assets.xcassets in Resources */ = {isa = PBXBuildFile; fileRef = 82FDA040C8CD2CBE524BC9F8 /* Assets.xcassets */; };
		2BA2A6AD9494CAB6A1262C22 /* LocationManagerTests.swift in Sources */ = {isa = PBXBuildFile; fileRef = D67D02AAB50EBA45ED7230E4 /* LocationManagerTests.swift */; };
		2BD0DC48C3D34E8A43F37C42 /* LocationTestHelper.swift in Sources */ = {isa = PBXBuildFile; fileRef = A8A8EC02B40588235DD6D1CA /* LocationTestHelper.swift */; };
		3024CBC91685EF8C6814EB8F /* SyncService.swift in Sources */ = {isa = PBXBuildFile; fileRef = 3A681B176B3D35D46FC3D2DB /* SyncService.swift */; };
		3449238D7CFB430619B79954 /* LocationManager.swift in Sources */ = {isa = PBXBuildFile; fileRef = C16D85309159B892BBC7B31A /* LocationManager.swift */; };
		34FA65DBDF489F3E1F4B1543 /* HoleTests.swift in Sources */ = {isa = PBXBuildFile; fileRef = A27A58C260C455C1AE709D6D /* HoleTests.swift */; };
		3EF612109196F2B41451AEC6 /* CourseTests.swift in Sources */ = {isa = PBXBuildFile; fileRef = C0948C09DA83F95F01BB4157 /* CourseTests.swift */; };
		413F839779586DA2ADC6F6F0 /* HoleAdvancer.swift in Sources */ = {isa = PBXBuildFile; fileRef = B279E140F6499DEA099D9634 /* HoleAdvancer.swift */; };
		4421AFB746A2D297B7A96619 /* CourseService.swift in Sources */ = {isa = PBXBuildFile; fileRef = B1602718B166ABF2653676E4 /* CourseService.swift */; };
		473C22ECA82021C8C706B976 /* Round.swift in Sources */ = {isa = PBXBuildFile; fileRef = 82058F867199D494A9640C07 /* Round.swift */; };
		4D7A5003C01D50AC34CDD7D2 /* RoundListView.swift in Sources */ = {isa = PBXBuildFile; fileRef = 35D2FA43C6C1658BE2AA02D3 /* RoundListView.swift */; };
		C8A1B2D3E4F5A6B7C9D0E1F2 /* CourseSelectionView.swift in Sources */ = {isa = PBXBuildFile; fileRef = A1B2C3D4E5F6A7B8C9D0E1F3 /* CourseSelectionView.swift */; };
		4D86CEEAEF793BDFC6735333 /* SpotGolfApp.swift in Sources */ = {isa = PBXBuildFile; fileRef = A15DB95E8A4998752FD616E1 /* SpotGolfApp.swift */; };
		5441B38F32881D45FFBBDBFA /* test-locations.csv in Resources */ = {isa = PBXBuildFile; fileRef = F556F18DC4DAA2E2CADE824D /* test-locations.csv */; };
		5A7FFC85BD44BFDB71D44C5B /* WatchRoundView.swift in Sources */ = {isa = PBXBuildFile; fileRef = 76B7DFC806512F8D9C7DA87E /* WatchRoundView.swift */; };
		5E592BAA75C575F2F0BFD020 /* RoundStore.swift in Sources */ = {isa = PBXBuildFile; fileRef = C3F8BC39497B60789363C132 /* RoundStore.swift */; };
		63057BBB0633D9BEC7F6E7A5 /* SyncMessage.swift in Sources */ = {isa = PBXBuildFile; fileRef = AA6AA814B803293B96FDFC1C /* SyncMessage.swift */; };
		6691730BA3E012856A1A12FA /* RoundTests.swift in Sources */ = {isa = PBXBuildFile; fileRef = 7AC2F5E7230D396041E3CAB7 /* RoundTests.swift */; };
		6A8397C067156A251F4B7452 /* SyncMessage.swift in Sources */ = {isa = PBXBuildFile; fileRef = AA6AA814B803293B96FDFC1C /* SyncMessage.swift */; };
		6C511BDF9609CCD5B8E87D5D /* Hole.swift in Sources */ = {isa = PBXBuildFile; fileRef = 32FD53566F1D648AB6A93CFD /* Hole.swift */; };
		6D63D32A9A575C9EDD8974CA /* RoundStore.swift in Sources */ = {isa = PBXBuildFile; fileRef = C3F8BC39497B60789363C132 /* RoundStore.swift */; };
		745AE2230C2F35DE5E0A7AD9 /* ContentView.swift in Sources */ = {isa = PBXBuildFile; fileRef = 9DE42B08F3B35F014850DD21 /* ContentView.swift */; };
		77E6738B64A5AD71CACF83F7 /* SyncService.swift in Sources */ = {isa = PBXBuildFile; fileRef = 3A681B176B3D35D46FC3D2DB /* SyncService.swift */; };
		87834DCFAE927ABDA8F00DC7 /* RoundFlowUITests.swift in Sources */ = {isa = PBXBuildFile; fileRef = E1BF43B5F730DE18DE2B3162 /* RoundFlowUITests.swift */; };
		896E0F7D52604356D5EC58EB /* DistanceCalculator.swift in Sources */ = {isa = PBXBuildFile; fileRef = B28318D4F46C63FFD65EF397 /* DistanceCalculator.swift */; };
		89B07F33D26F811756AF8289 /* Course.swift in Sources */ = {isa = PBXBuildFile; fileRef = CF1F8D2C11DDDE512F662102 /* Course.swift */; };
		8BF5F5875E822AAA11181644 /* Hole.swift in Sources */ = {isa = PBXBuildFile; fileRef = 32FD53566F1D648AB6A93CFD /* Hole.swift */; };
		8EAE3D321C32560FA6583839 /* SyncMessage.swift in Sources */ = {isa = PBXBuildFile; fileRef = AA6AA814B803293B96FDFC1C /* SyncMessage.swift */; };
		97FA5937CA3D8E8AEDD5C53D /* BallMark.swift in Sources */ = {isa = PBXBuildFile; fileRef = 56F25462C700858533535F00 /* BallMark.swift */; };
		9AA63CC294799AD309EA65FE /* test-locations.csv in Resources */ = {isa = PBXBuildFile; fileRef = F556F18DC4DAA2E2CADE824D /* test-locations.csv */; };
		9CAC63047C39B1DAE85B58E7 /* BallMarkTests.swift in Sources */ = {isa = PBXBuildFile; fileRef = 2853A17F0D32E041FB6FEFB8 /* BallMarkTests.swift */; };
		A44DEEC385E6B958FA53D024 /* RoundStoreTests.swift in Sources */ = {isa = PBXBuildFile; fileRef = 7DD894F03B7D16955567FDAE /* RoundStoreTests.swift */; };
		A5C3CB53956BD6ABBAF48DD1 /* SyncServiceTests.swift in Sources */ = {isa = PBXBuildFile; fileRef = 1E038DA98D957F71EEC1A5EE /* SyncServiceTests.swift */; };
		AB7C4A9138D8D56511692B5C /* DistanceCalculator.swift in Sources */ = {isa = PBXBuildFile; fileRef = B28318D4F46C63FFD65EF397 /* DistanceCalculator.swift */; };
		AD29E5E4EFF2CE1CF39EC9A4 /* Round.swift in Sources */ = {isa = PBXBuildFile; fileRef = 82058F867199D494A9640C07 /* Round.swift */; };
		AEE8BA47EBEF188EACA9129C /* LocationTestHelper.swift in Sources */ = {isa = PBXBuildFile; fileRef = A8A8EC02B40588235DD6D1CA /* LocationTestHelper.swift */; };
		B390E081D386C8B608ADDCA4 /* SpotGolfWatchApp.swift in Sources */ = {isa = PBXBuildFile; fileRef = C31ACF31764647C859591C6C /* SpotGolfWatchApp.swift */; };
		B77F07C62500BB48BB699199 /* CourseServiceTests.swift in Sources */ = {isa = PBXBuildFile; fileRef = E7CFFB1D07A80C61F576B94B /* CourseServiceTests.swift */; };
		BC77325E2827B1FFB0A98852 /* SyncService.swift in Sources */ = {isa = PBXBuildFile; fileRef = 3A681B176B3D35D46FC3D2DB /* SyncService.swift */; };
		BE25935C388A7C8092189345 /* Hole.swift in Sources */ = {isa = PBXBuildFile; fileRef = 32FD53566F1D648AB6A93CFD /* Hole.swift */; };
		C3381C528F19874EAA206E08 /* CourseService.swift in Sources */ = {isa = PBXBuildFile; fileRef = B1602718B166ABF2653676E4 /* CourseService.swift */; };
		CB05586181E58D1692350D6F /* CourseService.swift in Sources */ = {isa = PBXBuildFile; fileRef = B1602718B166ABF2653676E4 /* CourseService.swift */; };
		D48D19FD18024D7985415B24 /* LocationManager.swift in Sources */ = {isa = PBXBuildFile; fileRef = C16D85309159B892BBC7B31A /* LocationManager.swift */; };
		D5953BDA13656B5217A1A090 /* Course.swift in Sources */ = {isa = PBXBuildFile; fileRef = CF1F8D2C11DDDE512F662102 /* Course.swift */; };
		DF20170F66E95BC5CAB9ECE5 /* WatchRoundFlowUITests.swift in Sources */ = {isa = PBXBuildFile; fileRef = 7AD496DE59E75060B4A7BD23 /* WatchRoundFlowUITests.swift */; };
		E5CBF3D5673C328548E5F125 /* WatchConnectivity.framework in Frameworks */ = {isa = PBXBuildFile; fileRef = 39D56A30B0D74C05175B5853 /* WatchConnectivity.framework */; };
		E98CC4FEB4824C1E7E74C7A0 /* BallMark.swift in Sources */ = {isa = PBXBuildFile; fileRef = 56F25462C700858533535F00 /* BallMark.swift */; };
		EA3D7682FBE3321CEA0CB897 /* RoundStore.swift in Sources */ = {isa = PBXBuildFile; fileRef = C3F8BC39497B60789363C132 /* RoundStore.swift */; };
		EA7DC684E7795085BBB3BE9D /* HoleAdvancer.swift in Sources */ = {isa = PBXBuildFile; fileRef = B279E140F6499DEA099D9634 /* HoleAdvancer.swift */; };
		EAB6CFD7FD0412D0F4454679 /* Round.swift in Sources */ = {isa = PBXBuildFile; fileRef = 82058F867199D494A9640C07 /* Round.swift */; };
		EE656707A4C89C53E6692986 /* Course.swift in Sources */ = {isa = PBXBuildFile; fileRef = CF1F8D2C11DDDE512F662102 /* Course.swift */; };
		EF2A0ACA9519F3028057E3C2 /* LocationManager.swift in Sources */ = {isa = PBXBuildFile; fileRef = C16D85309159B892BBC7B31A /* LocationManager.swift */; };
		F94C5FC33AE62EC71FB40BDA /* BallMark.swift in Sources */ = {isa = PBXBuildFile; fileRef = 56F25462C700858533535F00 /* BallMark.swift */; };
		FF6036F1F49242950E18FC22 /* DistanceCalculator.swift in Sources */ = {isa = PBXBuildFile; fileRef = B28318D4F46C63FFD65EF397 /* DistanceCalculator.swift */; };
/* End PBXBuildFile section */

/* Begin PBXContainerItemProxy section */
		5D843CFA7D882C2F56843143 /* PBXContainerItemProxy */ = {
			isa = PBXContainerItemProxy;
			containerPortal = 2FCEF18B560BCC55F691785D /* Project object */;
			proxyType = 1;
			remoteGlobalIDString = C73A2FC36FDD2ECE1A1A6255;
			remoteInfo = SpotGolfWatch;
		};
		7C2AC8CAADE69B7B36369B12 /* PBXContainerItemProxy */ = {
			isa = PBXContainerItemProxy;
			containerPortal = 2FCEF18B560BCC55F691785D /* Project object */;
			proxyType = 1;
			remoteGlobalIDString = 98D032A3E44A652D535A3D35;
			remoteInfo = SpotGolf;
		};
		F579D91479B46B076C3A315B /* PBXContainerItemProxy */ = {
			isa = PBXContainerItemProxy;
			containerPortal = 2FCEF18B560BCC55F691785D /* Project object */;
			proxyType = 1;
			remoteGlobalIDString = 98D032A3E44A652D535A3D35;
			remoteInfo = SpotGolf;
		};
/* End PBXContainerItemProxy section */

/* Begin PBXFileReference section */
		1E038DA98D957F71EEC1A5EE /* SyncServiceTests.swift */ = {isa = PBXFileReference; lastKnownFileType = sourcecode.swift; path = SyncServiceTests.swift; sourceTree = "<group>"; };
		2853A17F0D32E041FB6FEFB8 /* BallMarkTests.swift */ = {isa = PBXFileReference; lastKnownFileType = sourcecode.swift; path = BallMarkTests.swift; sourceTree = "<group>"; };
		32FD53566F1D648AB6A93CFD /* Hole.swift */ = {isa = PBXFileReference; lastKnownFileType = sourcecode.swift; path = Hole.swift; sourceTree = "<group>"; };
		35D2FA43C6C1658BE2AA02D3 /* RoundListView.swift */ = {isa = PBXFileReference; lastKnownFileType = sourcecode.swift; path = RoundListView.swift; sourceTree = "<group>"; };
		A1B2C3D4E5F6A7B8C9D0E1F3 /* CourseSelectionView.swift */ = {isa = PBXFileReference; lastKnownFileType = sourcecode.swift; path = CourseSelectionView.swift; sourceTree = "<group>"; };
		364128AB03054E09B6897A8F /* Assets.xcassets */ = {isa = PBXFileReference; lastKnownFileType = folder.assetcatalog; path = Assets.xcassets; sourceTree = "<group>"; };
		39D56A30B0D74C05175B5853 /* WatchConnectivity.framework */ = {isa = PBXFileReference; lastKnownFileType = wrapper.framework; name = WatchConnectivity.framework; path = System/Library/Frameworks/WatchConnectivity.framework; sourceTree = SDKROOT; };
		3A681B176B3D35D46FC3D2DB /* SyncService.swift */ = {isa = PBXFileReference; lastKnownFileType = sourcecode.swift; path = SyncService.swift; sourceTree = "<group>"; };
		3DEAF97D211FD5F218896DC3 /* SpotGolfUITests.xctest */ = {isa = PBXFileReference; includeInIndex = 0; lastKnownFileType = wrapper.cfbundle; path = SpotGolfUITests.xctest; sourceTree = BUILT_PRODUCTS_DIR; };
		3E77429E620B540D93B7534B /* Info.plist */ = {isa = PBXFileReference; lastKnownFileType = text.plist; path = Info.plist; sourceTree = "<group>"; };
		4AB6D3A47B242A104417810F /* SpotGolfWatch.app */ = {isa = PBXFileReference; explicitFileType = wrapper.application; includeInIndex = 0; path = SpotGolfWatch.app; sourceTree = BUILT_PRODUCTS_DIR; };
		56F25462C700858533535F00 /* BallMark.swift */ = {isa = PBXFileReference; lastKnownFileType = sourcecode.swift; path = BallMark.swift; sourceTree = "<group>"; };
		5BF540A02B7514AD14D4031D /* SpotGolfTests.xctest */ = {isa = PBXFileReference; includeInIndex = 0; lastKnownFileType = wrapper.cfbundle; path = SpotGolfTests.xctest; sourceTree = BUILT_PRODUCTS_DIR; };
		5F78427AA75BA3B8CCADABA4 /* Info.plist */ = {isa = PBXFileReference; lastKnownFileType = text.plist; path = Info.plist; sourceTree = "<group>"; };
		64CFC1E0B3C3EAEDD25CE3ED /* SpotGolf.app */ = {isa = PBXFileReference; includeInIndex = 0; lastKnownFileType = wrapper.application; path = SpotGolf.app; sourceTree = BUILT_PRODUCTS_DIR; };
		76B7DFC806512F8D9C7DA87E /* WatchRoundView.swift */ = {isa = PBXFileReference; lastKnownFileType = sourcecode.swift; path = WatchRoundView.swift; sourceTree = "<group>"; };
		7AC2F5E7230D396041E3CAB7 /* RoundTests.swift */ = {isa = PBXFileReference; lastKnownFileType = sourcecode.swift; path = RoundTests.swift; sourceTree = "<group>"; };
		7AD496DE59E75060B4A7BD23 /* WatchRoundFlowUITests.swift */ = {isa = PBXFileReference; lastKnownFileType = sourcecode.swift; path = WatchRoundFlowUITests.swift; sourceTree = "<group>"; };
		7BD311E14D2615D816E4995A /* SpotGolf.entitlements */ = {isa = PBXFileReference; lastKnownFileType = text.plist.entitlements; path = SpotGolf.entitlements; sourceTree = "<group>"; };
		7DD894F03B7D16955567FDAE /* RoundStoreTests.swift */ = {isa = PBXFileReference; lastKnownFileType = sourcecode.swift; path = RoundStoreTests.swift; sourceTree = "<group>"; };
		82058F867199D494A9640C07 /* Round.swift */ = {isa = PBXFileReference; lastKnownFileType = sourcecode.swift; path = Round.swift; sourceTree = "<group>"; };
		82FDA040C8CD2CBE524BC9F8 /* Assets.xcassets */ = {isa = PBXFileReference; lastKnownFileType = folder.assetcatalog; path = Assets.xcassets; sourceTree = "<group>"; };
		9DE42B08F3B35F014850DD21 /* ContentView.swift */ = {isa = PBXFileReference; lastKnownFileType = sourcecode.swift; path = ContentView.swift; sourceTree = "<group>"; };
		A15DB95E8A4998752FD616E1 /* SpotGolfApp.swift */ = {isa = PBXFileReference; lastKnownFileType = sourcecode.swift; path = SpotGolfApp.swift; sourceTree = "<group>"; };
		A27A58C260C455C1AE709D6D /* HoleTests.swift */ = {isa = PBXFileReference; lastKnownFileType = sourcecode.swift; path = HoleTests.swift; sourceTree = "<group>"; };
		A3F18E36C3FB3746F7B72637 /* DistanceCalculatorTests.swift */ = {isa = PBXFileReference; lastKnownFileType = sourcecode.swift; path = DistanceCalculatorTests.swift; sourceTree = "<group>"; };
		A8A8EC02B40588235DD6D1CA /* LocationTestHelper.swift */ = {isa = PBXFileReference; lastKnownFileType = sourcecode.swift; path = LocationTestHelper.swift; sourceTree = "<group>"; };
		AA6AA814B803293B96FDFC1C /* SyncMessage.swift */ = {isa = PBXFileReference; lastKnownFileType = sourcecode.swift; path = SyncMessage.swift; sourceTree = "<group>"; };
		AD881E8D654A6A4DBEC314DB /* RoundMapView.swift */ = {isa = PBXFileReference; lastKnownFileType = sourcecode.swift; path = RoundMapView.swift; sourceTree = "<group>"; };
		AEB1C8B2A29A2D08E2DF20FD /* HoleAdvancerTests.swift */ = {isa = PBXFileReference; lastKnownFileType = sourcecode.swift; path = HoleAdvancerTests.swift; sourceTree = "<group>"; };
		B1602718B166ABF2653676E4 /* CourseService.swift */ = {isa = PBXFileReference; lastKnownFileType = sourcecode.swift; path = CourseService.swift; sourceTree = "<group>"; };
		B279E140F6499DEA099D9634 /* HoleAdvancer.swift */ = {isa = PBXFileReference; lastKnownFileType = sourcecode.swift; path = HoleAdvancer.swift; sourceTree = "<group>"; };
		B28318D4F46C63FFD65EF397 /* DistanceCalculator.swift */ = {isa = PBXFileReference; lastKnownFileType = sourcecode.swift; path = DistanceCalculator.swift; sourceTree = "<group>"; };
		C0948C09DA83F95F01BB4157 /* CourseTests.swift */ = {isa = PBXFileReference; lastKnownFileType = sourcecode.swift; path = CourseTests.swift; sourceTree = "<group>"; };
		C16D85309159B892BBC7B31A /* LocationManager.swift */ = {isa = PBXFileReference; lastKnownFileType = sourcecode.swift; path = LocationManager.swift; sourceTree = "<group>"; };
		C31ACF31764647C859591C6C /* SpotGolfWatchApp.swift */ = {isa = PBXFileReference; lastKnownFileType = sourcecode.swift; path = SpotGolfWatchApp.swift; sourceTree = "<group>"; };
		C3F8BC39497B60789363C132 /* RoundStore.swift */ = {isa = PBXFileReference; lastKnownFileType = sourcecode.swift; path = RoundStore.swift; sourceTree = "<group>"; };
		CF1F8D2C11DDDE512F662102 /* Course.swift */ = {isa = PBXFileReference; lastKnownFileType = sourcecode.swift; path = Course.swift; sourceTree = "<group>"; };
		D67D02AAB50EBA45ED7230E4 /* LocationManagerTests.swift */ = {isa = PBXFileReference; lastKnownFileType = sourcecode.swift; path = LocationManagerTests.swift; sourceTree = "<group>"; };
		DA4CD05137B26E9139031DBD /* SpotGolfWatchUITests.xctest */ = {isa = PBXFileReference; explicitFileType = wrapper.cfbundle; includeInIndex = 0; path = SpotGolfWatchUITests.xctest; sourceTree = BUILT_PRODUCTS_DIR; };
		E1BF43B5F730DE18DE2B3162 /* RoundFlowUITests.swift */ = {isa = PBXFileReference; lastKnownFileType = sourcecode.swift; path = RoundFlowUITests.swift; sourceTree = "<group>"; };
		E7CFFB1D07A80C61F576B94B /* CourseServiceTests.swift */ = {isa = PBXFileReference; lastKnownFileType = sourcecode.swift; path = CourseServiceTests.swift; sourceTree = "<group>"; };
		F556F18DC4DAA2E2CADE824D /* test-locations.csv */ = {isa = PBXFileReference; path = "test-locations.csv"; sourceTree = "<group>"; };
/* End PBXFileReference section */

/* Begin PBXFrameworksBuildPhase section */
		8A83DD4021C63A982802D9CE /* Frameworks */ = {
			isa = PBXFrameworksBuildPhase;
			buildActionMask = 2147483647;
			files = (
				E5CBF3D5673C328548E5F125 /* WatchConnectivity.framework in Frameworks */,
			);
			runOnlyForDeploymentPostprocessing = 0;
		};
/* End PBXFrameworksBuildPhase section */

/* Begin PBXGroup section */
		06ABF6538CB9130D7E1649B1 /* Frameworks */ = {
			isa = PBXGroup;
			children = (
				39D56A30B0D74C05175B5853 /* WatchConnectivity.framework */,
			);
			name = Frameworks;
			sourceTree = "<group>";
		};
		1D93BC77B1F25865636741E0 /* TestFixtures */ = {
			isa = PBXGroup;
			children = (
				F556F18DC4DAA2E2CADE824D /* test-locations.csv */,
			);
			path = TestFixtures;
			sourceTree = "<group>";
		};
		3416D2F3E7AE730110F436D6 /* SpotGolfWatchUITests */ = {
			isa = PBXGroup;
			children = (
				7AD496DE59E75060B4A7BD23 /* WatchRoundFlowUITests.swift */,
			);
			path = SpotGolfWatchUITests;
			sourceTree = "<group>";
		};
		35CD162F4F36CC4C838D7C8E /* Views */ = {
			isa = PBXGroup;
			children = (
				9DE42B08F3B35F014850DD21 /* ContentView.swift */,
				A1B2C3D4E5F6A7B8C9D0E1F3 /* CourseSelectionView.swift */,
				35D2FA43C6C1658BE2AA02D3 /* RoundListView.swift */,
				AD881E8D654A6A4DBEC314DB /* RoundMapView.swift */,
			);
			path = Views;
			sourceTree = "<group>";
		};
		4F02FBDD3AF2C0E65ABB280C /* Services */ = {
			isa = PBXGroup;
			children = (
				B1602718B166ABF2653676E4 /* CourseService.swift */,
				B279E140F6499DEA099D9634 /* HoleAdvancer.swift */,
				C16D85309159B892BBC7B31A /* LocationManager.swift */,
				C3F8BC39497B60789363C132 /* RoundStore.swift */,
				3A681B176B3D35D46FC3D2DB /* SyncService.swift */,
			);
			path = Services;
			sourceTree = "<group>";
		};
		79FC29DED261192B3BFEA149 /* Utilities */ = {
			isa = PBXGroup;
			children = (
				B28318D4F46C63FFD65EF397 /* DistanceCalculator.swift */,
			);
			path = Utilities;
			sourceTree = "<group>";
		};
		960C29F752AF2CCE36485225 /* SpotGolfWatch */ = {
			isa = PBXGroup;
			children = (
				82FDA040C8CD2CBE524BC9F8 /* Assets.xcassets */,
				3E77429E620B540D93B7534B /* Info.plist */,
				C31ACF31764647C859591C6C /* SpotGolfWatchApp.swift */,
				CF8E059357CA27DA96BA4A42 /* Views */,
			);
			path = SpotGolfWatch;
			sourceTree = "<group>";
		};
		98F82F44F9EB2CB5C96AB01C /* Shared */ = {
			isa = PBXGroup;
			children = (
				B82C9F747CF9E6885A30FED3 /* Models */,
				4F02FBDD3AF2C0E65ABB280C /* Services */,
				79FC29DED261192B3BFEA149 /* Utilities */,
			);
			path = Shared;
			sourceTree = "<group>";
		};
		ADF2683E91CA8F0DFDA18AF0 /* SpotGolfUITests */ = {
			isa = PBXGroup;
			children = (
				E1BF43B5F730DE18DE2B3162 /* RoundFlowUITests.swift */,
			);
			path = SpotGolfUITests;
			sourceTree = "<group>";
		};
		B82C9F747CF9E6885A30FED3 /* Models */ = {
			isa = PBXGroup;
			children = (
				56F25462C700858533535F00 /* BallMark.swift */,
				CF1F8D2C11DDDE512F662102 /* Course.swift */,
				32FD53566F1D648AB6A93CFD /* Hole.swift */,
				82058F867199D494A9640C07 /* Round.swift */,
				AA6AA814B803293B96FDFC1C /* SyncMessage.swift */,
			);
			path = Models;
			sourceTree = "<group>";
		};
		C55CD85228F9EBC5C68972B1 /* SpotGolf */ = {
			isa = PBXGroup;
			children = (
				364128AB03054E09B6897A8F /* Assets.xcassets */,
				5F78427AA75BA3B8CCADABA4 /* Info.plist */,
				7BD311E14D2615D816E4995A /* SpotGolf.entitlements */,
				A15DB95E8A4998752FD616E1 /* SpotGolfApp.swift */,
				35CD162F4F36CC4C838D7C8E /* Views */,
			);
			path = SpotGolf;
			sourceTree = "<group>";
		};
		CF8E059357CA27DA96BA4A42 /* Views */ = {
			isa = PBXGroup;
			children = (
				76B7DFC806512F8D9C7DA87E /* WatchRoundView.swift */,
			);
			path = Views;
			sourceTree = "<group>";
		};
		E4CA2E4383F1AD837FFDD1D0 /* TestHelpers */ = {
			isa = PBXGroup;
			children = (
				A8A8EC02B40588235DD6D1CA /* LocationTestHelper.swift */,
			);
			path = TestHelpers;
			sourceTree = "<group>";
		};
		E58444F88C669B23DB2A04EC = {
			isa = PBXGroup;
			children = (
				98F82F44F9EB2CB5C96AB01C /* Shared */,
				C55CD85228F9EBC5C68972B1 /* SpotGolf */,
				FE4DF971E9D7159DAEDAA543 /* SpotGolfTests */,
				ADF2683E91CA8F0DFDA18AF0 /* SpotGolfUITests */,
				960C29F752AF2CCE36485225 /* SpotGolfWatch */,
				3416D2F3E7AE730110F436D6 /* SpotGolfWatchUITests */,
				1D93BC77B1F25865636741E0 /* TestFixtures */,
				E4CA2E4383F1AD837FFDD1D0 /* TestHelpers */,
				06ABF6538CB9130D7E1649B1 /* Frameworks */,
				F52E864CA9EE544E2734756D /* Products */,
			);
			sourceTree = "<group>";
		};
		F52E864CA9EE544E2734756D /* Products */ = {
			isa = PBXGroup;
			children = (
				64CFC1E0B3C3EAEDD25CE3ED /* SpotGolf.app */,
				5BF540A02B7514AD14D4031D /* SpotGolfTests.xctest */,
				3DEAF97D211FD5F218896DC3 /* SpotGolfUITests.xctest */,
				4AB6D3A47B242A104417810F /* SpotGolfWatch.app */,
				DA4CD05137B26E9139031DBD /* SpotGolfWatchUITests.xctest */,
			);
			name = Products;
			sourceTree = "<group>";
		};
		FE4DF971E9D7159DAEDAA543 /* SpotGolfTests */ = {
			isa = PBXGroup;
			children = (
				2853A17F0D32E041FB6FEFB8 /* BallMarkTests.swift */,
				E7CFFB1D07A80C61F576B94B /* CourseServiceTests.swift */,
				C0948C09DA83F95F01BB4157 /* CourseTests.swift */,
				A3F18E36C3FB3746F7B72637 /* DistanceCalculatorTests.swift */,
				AEB1C8B2A29A2D08E2DF20FD /* HoleAdvancerTests.swift */,
				A27A58C260C455C1AE709D6D /* HoleTests.swift */,
				D67D02AAB50EBA45ED7230E4 /* LocationManagerTests.swift */,
				7DD894F03B7D16955567FDAE /* RoundStoreTests.swift */,
				7AC2F5E7230D396041E3CAB7 /* RoundTests.swift */,
				1E038DA98D957F71EEC1A5EE /* SyncServiceTests.swift */,
			);
			path = SpotGolfTests;
			sourceTree = "<group>";
		};
/* End PBXGroup section */

/* Begin PBXNativeTarget section */
		91A18933F7416EEE37CF4F5D /* SpotGolfWatchUITests */ = {
			isa = PBXNativeTarget;
			buildConfigurationList = 2B7BC0F7006EA0E78EC1F1D1 /* Build configuration list for PBXNativeTarget "SpotGolfWatchUITests" */;
			buildPhases = (
				66DB4FBACBB86EC535BDAF7F /* Sources */,
				604AC7ED07DF033157BA2951 /* Resources */,
			);
			buildRules = (
			);
			dependencies = (
				5748356DFE8EBA7EF2953B29 /* PBXTargetDependency */,
			);
			name = SpotGolfWatchUITests;
			packageProductDependencies = (
			);
			productName = SpotGolfWatchUITests;
			productReference = DA4CD05137B26E9139031DBD /* SpotGolfWatchUITests.xctest */;
			productType = "com.apple.product-type.bundle.ui-testing";
		};
		98D032A3E44A652D535A3D35 /* SpotGolf */ = {
			isa = PBXNativeTarget;
			buildConfigurationList = 179BCDD16B571EDEE6898B19 /* Build configuration list for PBXNativeTarget "SpotGolf" */;
			buildPhases = (
				D0992AD1F77E76D9D805C307 /* Sources */,
				B06B7F81BA0FC0B30DBA511B /* Resources */,
			);
			buildRules = (
			);
			dependencies = (
			);
			name = SpotGolf;
			packageProductDependencies = (
			);
			productName = SpotGolf;
			productReference = 64CFC1E0B3C3EAEDD25CE3ED /* SpotGolf.app */;
			productType = "com.apple.product-type.application";
		};
		A19261E9FA9C0E50AEB4BF08 /* SpotGolfUITests */ = {
			isa = PBXNativeTarget;
			buildConfigurationList = 55C692F42C7E0F8AFFF4A296 /* Build configuration list for PBXNativeTarget "SpotGolfUITests" */;
			buildPhases = (
				CF6927E62AA3D1D3A3FF33EB /* Sources */,
				7471026CB416673E6ACC99FB /* Resources */,
			);
			buildRules = (
			);
			dependencies = (
				EC3668FACF2D52D374721207 /* PBXTargetDependency */,
			);
			name = SpotGolfUITests;
			packageProductDependencies = (
			);
			productName = SpotGolfUITests;
			productReference = 3DEAF97D211FD5F218896DC3 /* SpotGolfUITests.xctest */;
			productType = "com.apple.product-type.bundle.ui-testing";
		};
		B1FDABCD1238DF24E9166580 /* SpotGolfTests */ = {
			isa = PBXNativeTarget;
			buildConfigurationList = 09F295596E3AF0958D9FD8BD /* Build configuration list for PBXNativeTarget "SpotGolfTests" */;
			buildPhases = (
				AB1EB4369F6C1AEFAAA071D0 /* Sources */,
			);
			buildRules = (
			);
			dependencies = (
				9573E18DF15CC8E9886D13C8 /* PBXTargetDependency */,
			);
			name = SpotGolfTests;
			packageProductDependencies = (
			);
			productName = SpotGolfTests;
			productReference = 5BF540A02B7514AD14D4031D /* SpotGolfTests.xctest */;
			productType = "com.apple.product-type.bundle.unit-test";
		};
		C73A2FC36FDD2ECE1A1A6255 /* SpotGolfWatch */ = {
			isa = PBXNativeTarget;
			buildConfigurationList = 64B7F45A87C03DE68EE8B251 /* Build configuration list for PBXNativeTarget "SpotGolfWatch" */;
			buildPhases = (
				D8BACD5101EBBB6EDD255315 /* Sources */,
				9A362A9F96A1BDF28BCAF4EB /* Resources */,
				8A83DD4021C63A982802D9CE /* Frameworks */,
			);
			buildRules = (
			);
			dependencies = (
			);
			name = SpotGolfWatch;
			packageProductDependencies = (
			);
			productName = SpotGolfWatch;
			productReference = 4AB6D3A47B242A104417810F /* SpotGolfWatch.app */;
			productType = "com.apple.product-type.application";
		};
/* End PBXNativeTarget section */

/* Begin PBXProject section */
		2FCEF18B560BCC55F691785D /* Project object */ = {
			isa = PBXProject;
			attributes = {
				BuildIndependentTargetsInParallel = YES;
				LastUpgradeCheck = 1600;
				TargetAttributes = {
					91A18933F7416EEE37CF4F5D = {
						TestTargetID = C73A2FC36FDD2ECE1A1A6255;
					};
					A19261E9FA9C0E50AEB4BF08 = {
						TestTargetID = 98D032A3E44A652D535A3D35;
					};
				};
			};
			buildConfigurationList = D1DF361EB6E8FF6C8219D2E0 /* Build configuration list for PBXProject "SpotGolf" */;
			developmentRegion = en;
			hasScannedForEncodings = 0;
			knownRegions = (
				Base,
				en,
			);
			mainGroup = E58444F88C669B23DB2A04EC;
			minimizedProjectReferenceProxies = 1;
			preferredProjectObjectVersion = 77;
			productRefGroup = F52E864CA9EE544E2734756D /* Products */;
			projectDirPath = "";
			projectRoot = "";
			targets = (
				98D032A3E44A652D535A3D35 /* SpotGolf */,
				B1FDABCD1238DF24E9166580 /* SpotGolfTests */,
				A19261E9FA9C0E50AEB4BF08 /* SpotGolfUITests */,
				C73A2FC36FDD2ECE1A1A6255 /* SpotGolfWatch */,
				91A18933F7416EEE37CF4F5D /* SpotGolfWatchUITests */,
			);
		};
/* End PBXProject section */

/* Begin PBXResourcesBuildPhase section */
		604AC7ED07DF033157BA2951 /* Resources */ = {
			isa = PBXResourcesBuildPhase;
			buildActionMask = 2147483647;
			files = (
				5441B38F32881D45FFBBDBFA /* test-locations.csv in Resources */,
			);
			runOnlyForDeploymentPostprocessing = 0;
		};
		7471026CB416673E6ACC99FB /* Resources */ = {
			isa = PBXResourcesBuildPhase;
			buildActionMask = 2147483647;
			files = (
				9AA63CC294799AD309EA65FE /* test-locations.csv in Resources */,
			);
			runOnlyForDeploymentPostprocessing = 0;
		};
		9A362A9F96A1BDF28BCAF4EB /* Resources */ = {
			isa = PBXResourcesBuildPhase;
			buildActionMask = 2147483647;
			files = (
				26F86C3E9196432B8F982C6B /* Assets.xcassets in Resources */,
			);
			runOnlyForDeploymentPostprocessing = 0;
		};
		B06B7F81BA0FC0B30DBA511B /* Resources */ = {
			isa = PBXResourcesBuildPhase;
			buildActionMask = 2147483647;
			files = (
				023A4C0A7FAA3F7894001104 /* Assets.xcassets in Resources */,
			);
			runOnlyForDeploymentPostprocessing = 0;
		};
/* End PBXResourcesBuildPhase section */

/* Begin PBXSourcesBuildPhase section */
		66DB4FBACBB86EC535BDAF7F /* Sources */ = {
			isa = PBXSourcesBuildPhase;
			buildActionMask = 2147483647;
			files = (
				2BD0DC48C3D34E8A43F37C42 /* LocationTestHelper.swift in Sources */,
				DF20170F66E95BC5CAB9ECE5 /* WatchRoundFlowUITests.swift in Sources */,
			);
			runOnlyForDeploymentPostprocessing = 0;
		};
		AB1EB4369F6C1AEFAAA071D0 /* Sources */ = {
			isa = PBXSourcesBuildPhase;
			buildActionMask = 2147483647;
			files = (
				F94C5FC33AE62EC71FB40BDA /* BallMark.swift in Sources */,
				9CAC63047C39B1DAE85B58E7 /* BallMarkTests.swift in Sources */,
				D5953BDA13656B5217A1A090 /* Course.swift in Sources */,
				C3381C528F19874EAA206E08 /* CourseService.swift in Sources */,
				B77F07C62500BB48BB699199 /* CourseServiceTests.swift in Sources */,
				3EF612109196F2B41451AEC6 /* CourseTests.swift in Sources */,
				AB7C4A9138D8D56511692B5C /* DistanceCalculator.swift in Sources */,
				1D3784E4D8AE664877A8A6A6 /* DistanceCalculatorTests.swift in Sources */,
				8BF5F5875E822AAA11181644 /* Hole.swift in Sources */,
				13924A1968F4E9130B5007C3 /* HoleAdvancer.swift in Sources */,
				1EFA9A758F177F60D3A4D33B /* HoleAdvancerTests.swift in Sources */,
				34FA65DBDF489F3E1F4B1543 /* HoleTests.swift in Sources */,
				3449238D7CFB430619B79954 /* LocationManager.swift in Sources */,
				2BA2A6AD9494CAB6A1262C22 /* LocationManagerTests.swift in Sources */,
				AD29E5E4EFF2CE1CF39EC9A4 /* Round.swift in Sources */,
				6D63D32A9A575C9EDD8974CA /* RoundStore.swift in Sources */,
				A44DEEC385E6B958FA53D024 /* RoundStoreTests.swift in Sources */,
				6691730BA3E012856A1A12FA /* RoundTests.swift in Sources */,
				8EAE3D321C32560FA6583839 /* SyncMessage.swift in Sources */,
				77E6738B64A5AD71CACF83F7 /* SyncService.swift in Sources */,
				A5C3CB53956BD6ABBAF48DD1 /* SyncServiceTests.swift in Sources */,
			);
			runOnlyForDeploymentPostprocessing = 0;
		};
		CF6927E62AA3D1D3A3FF33EB /* Sources */ = {
			isa = PBXSourcesBuildPhase;
			buildActionMask = 2147483647;
			files = (
				AEE8BA47EBEF188EACA9129C /* LocationTestHelper.swift in Sources */,
				87834DCFAE927ABDA8F00DC7 /* RoundFlowUITests.swift in Sources */,
			);
			runOnlyForDeploymentPostprocessing = 0;
		};
		D0992AD1F77E76D9D805C307 /* Sources */ = {
			isa = PBXSourcesBuildPhase;
			buildActionMask = 2147483647;
			files = (
				97FA5937CA3D8E8AEDD5C53D /* BallMark.swift in Sources */,
				745AE2230C2F35DE5E0A7AD9 /* ContentView.swift in Sources */,
				EE656707A4C89C53E6692986 /* Course.swift in Sources */,
				4421AFB746A2D297B7A96619 /* CourseService.swift in Sources */,
				FF6036F1F49242950E18FC22 /* DistanceCalculator.swift in Sources */,
				6C511BDF9609CCD5B8E87D5D /* Hole.swift in Sources */,
				EA7DC684E7795085BBB3BE9D /* HoleAdvancer.swift in Sources */,
				EF2A0ACA9519F3028057E3C2 /* LocationManager.swift in Sources */,
				473C22ECA82021C8C706B976 /* Round.swift in Sources */,
				C8A1B2D3E4F5A6B7C9D0E1F2 /* CourseSelectionView.swift in Sources */,
				4D7A5003C01D50AC34CDD7D2 /* RoundListView.swift in Sources */,
				08BDD6810B6AD221D96E9E0D /* RoundMapView.swift in Sources */,
				EA3D7682FBE3321CEA0CB897 /* RoundStore.swift in Sources */,
				4D86CEEAEF793BDFC6735333 /* SpotGolfApp.swift in Sources */,
				63057BBB0633D9BEC7F6E7A5 /* SyncMessage.swift in Sources */,
				3024CBC91685EF8C6814EB8F /* SyncService.swift in Sources */,
			);
			runOnlyForDeploymentPostprocessing = 0;
		};
		D8BACD5101EBBB6EDD255315 /* Sources */ = {
			isa = PBXSourcesBuildPhase;
			buildActionMask = 2147483647;
			files = (
				E98CC4FEB4824C1E7E74C7A0 /* BallMark.swift in Sources */,
				89B07F33D26F811756AF8289 /* Course.swift in Sources */,
				CB05586181E58D1692350D6F /* CourseService.swift in Sources */,
				896E0F7D52604356D5EC58EB /* DistanceCalculator.swift in Sources */,
				BE25935C388A7C8092189345 /* Hole.swift in Sources */,
				413F839779586DA2ADC6F6F0 /* HoleAdvancer.swift in Sources */,
				D48D19FD18024D7985415B24 /* LocationManager.swift in Sources */,
				EAB6CFD7FD0412D0F4454679 /* Round.swift in Sources */,
				5E592BAA75C575F2F0BFD020 /* RoundStore.swift in Sources */,
				B390E081D386C8B608ADDCA4 /* SpotGolfWatchApp.swift in Sources */,
				6A8397C067156A251F4B7452 /* SyncMessage.swift in Sources */,
				BC77325E2827B1FFB0A98852 /* SyncService.swift in Sources */,
				5A7FFC85BD44BFDB71D44C5B /* WatchRoundView.swift in Sources */,
			);
			runOnlyForDeploymentPostprocessing = 0;
		};
/* End PBXSourcesBuildPhase section */

/* Begin PBXTargetDependency section */
		5748356DFE8EBA7EF2953B29 /* PBXTargetDependency */ = {
			isa = PBXTargetDependency;
			target = C73A2FC36FDD2ECE1A1A6255 /* SpotGolfWatch */;
			targetProxy = 5D843CFA7D882C2F56843143 /* PBXContainerItemProxy */;
		};
		9573E18DF15CC8E9886D13C8 /* PBXTargetDependency */ = {
			isa = PBXTargetDependency;
			target = 98D032A3E44A652D535A3D35 /* SpotGolf */;
			targetProxy = F579D91479B46B076C3A315B /* PBXContainerItemProxy */;
		};
		EC3668FACF2D52D374721207 /* PBXTargetDependency */ = {
			isa = PBXTargetDependency;
			target = 98D032A3E44A652D535A3D35 /* SpotGolf */;
			targetProxy = 7C2AC8CAADE69B7B36369B12 /* PBXContainerItemProxy */;
		};
/* End PBXTargetDependency section */

/* Begin XCBuildConfiguration section */
		08203DFB7DC91C3B592ABB5E /* Release */ = {
			isa = XCBuildConfiguration;
			buildSettings = {
				BUNDLE_LOADER = "$(TEST_HOST)";
				GENERATE_INFOPLIST_FILE = YES;
				LD_RUNPATH_SEARCH_PATHS = (
					"$(inherited)",
					"@executable_path/Frameworks",
					"@loader_path/Frameworks",
				);
				PRODUCT_BUNDLE_IDENTIFIER = golf.spot.SpotGolfUITests;
				SDKROOT = iphoneos;
				SWIFT_VERSION = 5.9;
				TARGETED_DEVICE_FAMILY = "1,2";
				TEST_TARGET_NAME = SpotGolf;
			};
			name = Release;
		};
		1220614FF73E1BB69ED55835 /* Release */ = {
			isa = XCBuildConfiguration;
			buildSettings = {
				BUNDLE_LOADER = "$(TEST_HOST)";
				GENERATE_INFOPLIST_FILE = YES;
				LD_RUNPATH_SEARCH_PATHS = (
					"$(inherited)",
					"@executable_path/Frameworks",
					"@loader_path/Frameworks",
				);
				PRODUCT_BUNDLE_IDENTIFIER = golf.spot.SpotGolfWatchUITests;
				SDKROOT = watchos;
				SKIP_INSTALL = YES;
				SWIFT_VERSION = 5.9;
				TARGETED_DEVICE_FAMILY = 4;
				TEST_TARGET_NAME = SpotGolfWatch;
			};
			name = Release;
		};
		16E22256EAA523A4F3BEA0F2 /* Debug */ = {
			isa = XCBuildConfiguration;
			buildSettings = {
				ALWAYS_SEARCH_USER_PATHS = NO;
				CLANG_ANALYZER_NONNULL = YES;
				CLANG_ANALYZER_NUMBER_OBJECT_CONVERSION = YES_AGGRESSIVE;
				CLANG_CXX_LANGUAGE_STANDARD = "gnu++14";
				CLANG_CXX_LIBRARY = "libc++";
				CLANG_ENABLE_MODULES = YES;
				CLANG_ENABLE_OBJC_ARC = YES;
				CLANG_ENABLE_OBJC_WEAK = YES;
				CLANG_WARN_BLOCK_CAPTURE_AUTORELEASING = YES;
				CLANG_WARN_BOOL_CONVERSION = YES;
				CLANG_WARN_COMMA = YES;
				CLANG_WARN_CONSTANT_CONVERSION = YES;
				CLANG_WARN_DEPRECATED_OBJC_IMPLEMENTATIONS = YES;
				CLANG_WARN_DIRECT_OBJC_ISA_USAGE = YES_ERROR;
				CLANG_WARN_DOCUMENTATION_COMMENTS = YES;
				CLANG_WARN_EMPTY_BODY = YES;
				CLANG_WARN_ENUM_CONVERSION = YES;
				CLANG_WARN_INFINITE_RECURSION = YES;
				CLANG_WARN_INT_CONVERSION = YES;
				CLANG_WARN_NON_LITERAL_NULL_CONVERSION = YES;
				CLANG_WARN_OBJC_IMPLICIT_RETAIN_SELF = YES;
				CLANG_WARN_OBJC_LITERAL_CONVERSION = YES;
				CLANG_WARN_OBJC_ROOT_CLASS = YES_ERROR;
				CLANG_WARN_QUOTED_INCLUDE_IN_FRAMEWORK_HEADER = YES;
				CLANG_WARN_RANGE_LOOP_ANALYSIS = YES;
				CLANG_WARN_STRICT_PROTOTYPES = YES;
				CLANG_WARN_SUSPICIOUS_MOVE = YES;
				CLANG_WARN_UNGUARDED_AVAILABILITY = YES_AGGRESSIVE;
				CLANG_WARN_UNREACHABLE_CODE = YES;
				CLANG_WARN__DUPLICATE_METHOD_MATCH = YES;
				COPY_PHASE_STRIP = NO;
				DEBUG_INFORMATION_FORMAT = dwarf;
				ENABLE_STRICT_OBJC_MSGSEND = YES;
				ENABLE_TESTABILITY = YES;
				GCC_C_LANGUAGE_STANDARD = gnu11;
				GCC_DYNAMIC_NO_PIC = NO;
				GCC_NO_COMMON_BLOCKS = YES;
				GCC_OPTIMIZATION_LEVEL = 0;
				GCC_PREPROCESSOR_DEFINITIONS = (
					"$(inherited)",
					"DEBUG=1",
				);
				GCC_WARN_64_TO_32_BIT_CONVERSION = YES;
				GCC_WARN_ABOUT_RETURN_TYPE = YES_ERROR;
				GCC_WARN_UNDECLARED_SELECTOR = YES;
				GCC_WARN_UNINITIALIZED_AUTOS = YES_AGGRESSIVE;
				GCC_WARN_UNUSED_FUNCTION = YES;
				GCC_WARN_UNUSED_VARIABLE = YES;
				IPHONEOS_DEPLOYMENT_TARGET = 17.0;
				MTL_ENABLE_DEBUG_INFO = INCLUDE_SOURCE;
				MTL_FAST_MATH = YES;
				ONLY_ACTIVE_ARCH = YES;
				PRODUCT_NAME = "$(TARGET_NAME)";
				SWIFT_ACTIVE_COMPILATION_CONDITIONS = DEBUG;
				SWIFT_OPTIMIZATION_LEVEL = "-Onone";
				SWIFT_VERSION = 5.0;
				WATCHOS_DEPLOYMENT_TARGET = 10.0;
			};
			name = Debug;
		};
		1B818A155138168354940818 /* Release */ = {
			isa = XCBuildConfiguration;
			buildSettings = {
				ALWAYS_SEARCH_USER_PATHS = NO;
				CLANG_ANALYZER_NONNULL = YES;
				CLANG_ANALYZER_NUMBER_OBJECT_CONVERSION = YES_AGGRESSIVE;
				CLANG_CXX_LANGUAGE_STANDARD = "gnu++14";
				CLANG_CXX_LIBRARY = "libc++";
				CLANG_ENABLE_MODULES = YES;
				CLANG_ENABLE_OBJC_ARC = YES;
				CLANG_ENABLE_OBJC_WEAK = YES;
				CLANG_WARN_BLOCK_CAPTURE_AUTORELEASING = YES;
				CLANG_WARN_BOOL_CONVERSION = YES;
				CLANG_WARN_COMMA = YES;
				CLANG_WARN_CONSTANT_CONVERSION = YES;
				CLANG_WARN_DEPRECATED_OBJC_IMPLEMENTATIONS = YES;
				CLANG_WARN_DIRECT_OBJC_ISA_USAGE = YES_ERROR;
				CLANG_WARN_DOCUMENTATION_COMMENTS = YES;
				CLANG_WARN_EMPTY_BODY = YES;
				CLANG_WARN_ENUM_CONVERSION = YES;
				CLANG_WARN_INFINITE_RECURSION = YES;
				CLANG_WARN_INT_CONVERSION = YES;
				CLANG_WARN_NON_LITERAL_NULL_CONVERSION = YES;
				CLANG_WARN_OBJC_IMPLICIT_RETAIN_SELF = YES;
				CLANG_WARN_OBJC_LITERAL_CONVERSION = YES;
				CLANG_WARN_OBJC_ROOT_CLASS = YES_ERROR;
				CLANG_WARN_QUOTED_INCLUDE_IN_FRAMEWORK_HEADER = YES;
				CLANG_WARN_RANGE_LOOP_ANALYSIS = YES;
				CLANG_WARN_STRICT_PROTOTYPES = YES;
				CLANG_WARN_SUSPICIOUS_MOVE = YES;
				CLANG_WARN_UNGUARDED_AVAILABILITY = YES_AGGRESSIVE;
				CLANG_WARN_UNREACHABLE_CODE = YES;
				CLANG_WARN__DUPLICATE_METHOD_MATCH = YES;
				COPY_PHASE_STRIP = NO;
				DEBUG_INFORMATION_FORMAT = "dwarf-with-dsym";
				ENABLE_NS_ASSERTIONS = NO;
				ENABLE_STRICT_OBJC_MSGSEND = YES;
				GCC_C_LANGUAGE_STANDARD = gnu11;
				GCC_NO_COMMON_BLOCKS = YES;
				GCC_WARN_64_TO_32_BIT_CONVERSION = YES;
				GCC_WARN_ABOUT_RETURN_TYPE = YES_ERROR;
				GCC_WARN_UNDECLARED_SELECTOR = YES;
				GCC_WARN_UNINITIALIZED_AUTOS = YES_AGGRESSIVE;
				GCC_WARN_UNUSED_FUNCTION = YES;
				GCC_WARN_UNUSED_VARIABLE = YES;
				IPHONEOS_DEPLOYMENT_TARGET = 17.0;
				MTL_ENABLE_DEBUG_INFO = NO;
				MTL_FAST_MATH = YES;
				PRODUCT_NAME = "$(TARGET_NAME)";
				SWIFT_COMPILATION_MODE = wholemodule;
				SWIFT_OPTIMIZATION_LEVEL = "-O";
				SWIFT_VERSION = 5.0;
				WATCHOS_DEPLOYMENT_TARGET = 10.0;
			};
			name = Release;
		};
		460BE9B3BCA15CBA13F348CE /* Debug */ = {
			isa = XCBuildConfiguration;
			buildSettings = {
				ASSETCATALOG_COMPILER_APPICON_NAME = AppIcon;
				INFOPLIST_FILE = SpotGolfWatch/Info.plist;
				PRODUCT_BUNDLE_IDENTIFIER = golf.spot.SpotGolf.watchkitapp;
				SDKROOT = watchos;
				SKIP_INSTALL = YES;
				SWIFT_VERSION = 5.9;
				TARGETED_DEVICE_FAMILY = 4;
			};
			name = Debug;
		};
		4818F649B061D56BEE673065 /* Debug */ = {
			isa = XCBuildConfiguration;
			buildSettings = {
				BUNDLE_LOADER = "$(TEST_HOST)";
				GENERATE_INFOPLIST_FILE = YES;
				LD_RUNPATH_SEARCH_PATHS = (
					"$(inherited)",
					"@executable_path/Frameworks",
					"@loader_path/Frameworks",
				);
				PRODUCT_BUNDLE_IDENTIFIER = golf.spot.SpotGolfTests;
				SDKROOT = iphoneos;
				SWIFT_VERSION = 5.9;
				TARGETED_DEVICE_FAMILY = "1,2";
				TEST_HOST = "$(BUILT_PRODUCTS_DIR)/SpotGolf.app/SpotGolf";
			};
			name = Debug;
		};
		7DB58180118C6435996CAA49 /* Debug */ = {
			isa = XCBuildConfiguration;
			buildSettings = {
				ASSETCATALOG_COMPILER_APPICON_NAME = AppIcon;
				CODE_SIGN_ENTITLEMENTS = SpotGolf/SpotGolf.entitlements;
				CODE_SIGN_IDENTITY = "iPhone Developer";
				INFOPLIST_FILE = SpotGolf/Info.plist;
				LD_RUNPATH_SEARCH_PATHS = (
					"$(inherited)",
					"@executable_path/Frameworks",
				);
				PRODUCT_BUNDLE_IDENTIFIER = golf.spot.SpotGolf;
				SDKROOT = iphoneos;
				SWIFT_VERSION = 5.9;
				TARGETED_DEVICE_FAMILY = "1,2";
			};
			name = Debug;
		};
		B0EE79DCF84CC0418267F008 /* Debug */ = {
			isa = XCBuildConfiguration;
			buildSettings = {
				BUNDLE_LOADER = "$(TEST_HOST)";
				GENERATE_INFOPLIST_FILE = YES;
				LD_RUNPATH_SEARCH_PATHS = (
					"$(inherited)",
					"@executable_path/Frameworks",
					"@loader_path/Frameworks",
				);
				PRODUCT_BUNDLE_IDENTIFIER = golf.spot.SpotGolfWatchUITests;
				SDKROOT = watchos;
				SKIP_INSTALL = YES;
				SWIFT_VERSION = 5.9;
				TARGETED_DEVICE_FAMILY = 4;
				TEST_TARGET_NAME = SpotGolfWatch;
			};
			name = Debug;
		};
		C0664ACA9A7964F2B3A229E1 /* Release */ = {
			isa = XCBuildConfiguration;
			buildSettings = {
				ASSETCATALOG_COMPILER_APPICON_NAME = AppIcon;
				CODE_SIGN_ENTITLEMENTS = SpotGolf/SpotGolf.entitlements;
				CODE_SIGN_IDENTITY = "iPhone Developer";
				INFOPLIST_FILE = SpotGolf/Info.plist;
				LD_RUNPATH_SEARCH_PATHS = (
					"$(inherited)",
					"@executable_path/Frameworks",
				);
				PRODUCT_BUNDLE_IDENTIFIER = golf.spot.SpotGolf;
				SDKROOT = iphoneos;
				SWIFT_VERSION = 5.9;
				TARGETED_DEVICE_FAMILY = "1,2";
			};
			name = Release;
		};
		C9261919FB7FF0AF3471C19D /* Release */ = {
			isa = XCBuildConfiguration;
			buildSettings = {
				ASSETCATALOG_COMPILER_APPICON_NAME = AppIcon;
				INFOPLIST_FILE = SpotGolfWatch/Info.plist;
				PRODUCT_BUNDLE_IDENTIFIER = golf.spot.SpotGolf.watchkitapp;
				SDKROOT = watchos;
				SKIP_INSTALL = YES;
				SWIFT_VERSION = 5.9;
				TARGETED_DEVICE_FAMILY = 4;
			};
			name = Release;
		};
		E2E3C3F29CA68BAB87D7B4ED /* Release */ = {
			isa = XCBuildConfiguration;
			buildSettings = {
				BUNDLE_LOADER = "$(TEST_HOST)";
				GENERATE_INFOPLIST_FILE = YES;
				LD_RUNPATH_SEARCH_PATHS = (
					"$(inherited)",
					"@executable_path/Frameworks",
					"@loader_path/Frameworks",
				);
				PRODUCT_BUNDLE_IDENTIFIER = golf.spot.SpotGolfTests;
				SDKROOT = iphoneos;
				SWIFT_VERSION = 5.9;
				TARGETED_DEVICE_FAMILY = "1,2";
				TEST_HOST = "$(BUILT_PRODUCTS_DIR)/SpotGolf.app/SpotGolf";
			};
			name = Release;
		};
		FC1A2FB2B910DB584139741B /* Debug */ = {
			isa = XCBuildConfiguration;
			buildSettings = {
				BUNDLE_LOADER = "$(TEST_HOST)";
				GENERATE_INFOPLIST_FILE = YES;
				LD_RUNPATH_SEARCH_PATHS = (
					"$(inherited)",
					"@executable_path/Frameworks",
					"@loader_path/Frameworks",
				);
				PRODUCT_BUNDLE_IDENTIFIER = golf.spot.SpotGolfUITests;
				SDKROOT = iphoneos;
				SWIFT_VERSION = 5.9;
				TARGETED_DEVICE_FAMILY = "1,2";
				TEST_TARGET_NAME = SpotGolf;
			};
			name = Debug;
		};
/* End XCBuildConfiguration section */

/* Begin XCConfigurationList section */
		09F295596E3AF0958D9FD8BD /* Build configuration list for PBXNativeTarget "SpotGolfTests" */ = {
			isa = XCConfigurationList;
			buildConfigurations = (
				4818F649B061D56BEE673065 /* Debug */,
				E2E3C3F29CA68BAB87D7B4ED /* Release */,
			);
			defaultConfigurationIsVisible = 0;
			defaultConfigurationName = Debug;
		};
		179BCDD16B571EDEE6898B19 /* Build configuration list for PBXNativeTarget "SpotGolf" */ = {
			isa = XCConfigurationList;
			buildConfigurations = (
				7DB58180118C6435996CAA49 /* Debug */,
				C0664ACA9A7964F2B3A229E1 /* Release */,
			);
			defaultConfigurationIsVisible = 0;
			defaultConfigurationName = Debug;
		};
		2B7BC0F7006EA0E78EC1F1D1 /* Build configuration list for PBXNativeTarget "SpotGolfWatchUITests" */ = {
			isa = XCConfigurationList;
			buildConfigurations = (
				B0EE79DCF84CC0418267F008 /* Debug */,
				1220614FF73E1BB69ED55835 /* Release */,
			);
			defaultConfigurationIsVisible = 0;
			defaultConfigurationName = Debug;
		};
		55C692F42C7E0F8AFFF4A296 /* Build configuration list for PBXNativeTarget "SpotGolfUITests" */ = {
			isa = XCConfigurationList;
			buildConfigurations = (
				FC1A2FB2B910DB584139741B /* Debug */,
				08203DFB7DC91C3B592ABB5E /* Release */,
			);
			defaultConfigurationIsVisible = 0;
			defaultConfigurationName = Debug;
		};
		64B7F45A87C03DE68EE8B251 /* Build configuration list for PBXNativeTarget "SpotGolfWatch" */ = {
			isa = XCConfigurationList;
			buildConfigurations = (
				460BE9B3BCA15CBA13F348CE /* Debug */,
				C9261919FB7FF0AF3471C19D /* Release */,
			);
			defaultConfigurationIsVisible = 0;
			defaultConfigurationName = Debug;
		};
		D1DF361EB6E8FF6C8219D2E0 /* Build configuration list for PBXProject "SpotGolf" */ = {
			isa = XCConfigurationList;
			buildConfigurations = (
				16E22256EAA523A4F3BEA0F2 /* Debug */,
				1B818A155138168354940818 /* Release */,
			);
			defaultConfigurationIsVisible = 0;
			defaultConfigurationName = Debug;
		};
/* End XCConfigurationList section */
	};
	rootObject = 2FCEF18B560BCC55F691785D /* Project object */;
}
